
Microsoft Visual Studio Solution File, Format Version 12.00
# Visual Studio Version 17
VisualStudioVersion = 17.0.31903.59
MinimumVisualStudioVersion = 10.0.40219.1
Project("{2150E333-8FDC-42A3-9474-1A3956D46DE8}") = "src", "src", "{827E0CD3-B72D-47B6-A68D-7590B98EB39B}"
EndProject
Project("{FAE04EC0-301F-11D3-BF4B-00C04F79EFBC}") = "AutoPartsHub.API", "src\AutoPartsHub.API\AutoPartsHub.API.csproj", "{77FBD486-549F-458C-9961-5DEFCFDBBBA2}"
EndProject
Project("{FAE04EC0-301F-11D3-BF4B-00C04F79EFBC}") = "AutoPartsHub.Application", "src\AutoPartsHub.Application\AutoPartsHub.Application.csproj", "{E8ED33DD-155E-4FAC-8E11-4407479AE325}"
EndProject
Project("{FAE04EC0-301F-11D3-BF4B-00C04F79EFBC}") = "AutoPartsHub.Domain", "src\AutoPartsHub.Domain\AutoPartsHub.Domain.csproj", "{757F774E-AF47-4F54-A2FF-B1DC7479D44B}"
EndProject
Project("{FAE04EC0-301F-11D3-BF4B-00C04F79EFBC}") = "AutoPartsHub.Infra", "src\AutoPartsHub.Infra\AutoPartsHub.Infra.csproj", "{3E9C8E53-C123-41D0-87EA-657823F13E58}"
EndProject
Project("{2150E333-8FDC-42A3-9474-1A3956D46DE8}") = "frontend", "frontend", "{CE609670-85B9-0D16-FB54-ED063D5D8A6D}"
EndProject
Project("{2150E333-8FDC-42A3-9474-1A3956D46DE8}") = "blazor-supplier", "blazor-supplier", "{E0ADF6B8-17EE-7AF4-083E-0C0E5979ED75}"
EndProject
Project("{FAE04EC0-301F-11D3-BF4B-00C04F79EFBC}") = "AutoPartsHub.Blazor.Supplier", "frontend\blazor-supplier\AutoPartsHub.Blazor.Supplier.csproj", "{442B8FDA-8CF7-49FB-9899-1D4DB1294680}"
EndProject
Project("{2150E333-8FDC-42A3-9474-1A3956D46DE8}") = "blazor-admin", "blazor-admin", "{2C4AE861-15E1-1323-AE82-FFF472DF3430}"
EndProject
Project("{FAE04EC0-301F-11D3-BF4B-00C04F79EFBC}") = "AutoPartsHub.Blazor.Admin", "frontend\blazor-admin\AutoPartsHub.Blazor.Admin.csproj", "{253AA434-7BE5-4D7D-B50C-6D9EA6E608C8}"
EndProject
Project("{2150E333-8FDC-42A3-9474-1A3956D46DE8}") = "tests", "tests", "{0AB3BF05-4346-4AA6-1389-037BE0695223}"
EndProject
Project("{FAE04EC0-301F-11D3-BF4B-00C04F79EFBC}") = "AutoPartsHub.UnitTests", "tests\AutoPartsHub.UnitTests\AutoPartsHub.UnitTests.csproj", "{2AEAE7C5-9BE7-4D97-8FB5-F09725A9D82E}"
EndProject
Project("{FAE04EC0-301F-11D3-BF4B-00C04F79EFBC}") = "AutoPartsHub.IntegrationTests", "tests\AutoPartsHub.IntegrationTests\AutoPartsHub.IntegrationTests.csproj", "{380B6082-BDE0-45CB-B5FA-FC2E51C6110F}"
EndProject
Global
	GlobalSection(SolutionConfigurationPlatforms) = preSolution
		Debug|Any CPU = Debug|Any CPU
		Debug|x64 = Debug|x64
		Debug|x86 = Debug|x86
		Release|Any CPU = Release|Any CPU
		Release|x64 = Release|x64
		Release|x86 = Release|x86
	EndGlobalSection
	GlobalSection(ProjectConfigurationPlatforms) = postSolution
		{77FBD486-549F-458C-9961-5DEFCFDBBBA2}.Debug|Any CPU.ActiveCfg = Debug|Any CPU
		{77FBD486-549F-458C-9961-5DEFCFDBBBA2}.Debug|Any CPU.Build.0 = Debug|Any CPU
		{77FBD486-549F-458C-9961-5DEFCFDBBBA2}.Debug|x64.ActiveCfg = Debug|Any CPU
		{77FBD486-549F-458C-9961-5DEFCFDBBBA2}.Debug|x64.Build.0 = Debug|Any CPU
		{77FBD486-549F-458C-9961-5DEFCFDBBBA2}.Debug|x86.ActiveCfg = Debug|Any CPU
		{77FBD486-549F-458C-9961-5DEFCFDBBBA2}.Debug|x86.Build.0 = Debug|Any CPU
		{77FBD486-549F-458C-9961-5DEFCFDBBBA2}.Release|Any CPU.ActiveCfg = Release|Any CPU
		{77FBD486-549F-458C-9961-5DEFCFDBBBA2}.Release|Any CPU.Build.0 = Release|Any CPU
		{77FBD486-549F-458C-9961-5DEFCFDBBBA2}.Release|x64.ActiveCfg = Release|Any CPU
		{77FBD486-549F-458C-9961-5DEFCFDBBBA2}.Release|x64.Build.0 = Release|Any CPU
		{77FBD486-549F-458C-9961-5DEFCFDBBBA2}.Release|x86.ActiveCfg = Release|Any CPU
		{77FBD486-549F-458C-9961-5DEFCFDBBBA2}.Release|x86.Build.0 = Release|Any CPU
		{E8ED33DD-155E-4FAC-8E11-4407479AE325}.Debug|Any CPU.ActiveCfg = Debug|Any CPU
		{E8ED33DD-155E-4FAC-8E11-4407479AE325}.Debug|Any CPU.Build.0 = Debug|Any CPU
		{E8ED33DD-155E-4FAC-8E11-4407479AE325}.Debug|x64.ActiveCfg = Debug|Any CPU
		{E8ED33DD-155E-4FAC-8E11-4407479AE325}.Debug|x64.Build.0 = Debug|Any CPU
		{E8ED33DD-155E-4FAC-8E11-4407479AE325}.Debug|x86.ActiveCfg = Debug|Any CPU
		{E8ED33DD-155E-4FAC-8E11-4407479AE325}.Debug|x86.Build.0 = Debug|Any CPU
		{E8ED33DD-155E-4FAC-8E11-4407479AE325}.Release|Any CPU.ActiveCfg = Release|Any CPU
		{E8ED33DD-155E-4FAC-8E11-4407479AE325}.Release|Any CPU.Build.0 = Release|Any CPU
		{E8ED33DD-155E-4FAC-8E11-4407479AE325}.Release|x64.ActiveCfg = Release|Any CPU
		{E8ED33DD-155E-4FAC-8E11-4407479AE325}.Release|x64.Build.0 = Release|Any CPU
		{E8ED33DD-155E-4FAC-8E11-4407479AE325}.Release|x86.ActiveCfg = Release|Any CPU
		{E8ED33DD-155E-4FAC-8E11-4407479AE325}.Release|x86.Build.0 = Release|Any CPU
		{757F774E-AF47-4F54-A2FF-B1DC7479D44B}.Debug|Any CPU.ActiveCfg = Debug|Any CPU
		{757F774E-AF47-4F54-A2FF-B1DC7479D44B}.Debug|Any CPU.Build.0 = Debug|Any CPU
		{757F774E-AF47-4F54-A2FF-B1DC7479D44B}.Debug|x64.ActiveCfg = Debug|Any CPU
		{757F774E-AF47-4F54-A2FF-B1DC7479D44B}.Debug|x64.Build.0 = Debug|Any CPU
		{757F774E-AF47-4F54-A2FF-B1DC7479D44B}.Debug|x86.ActiveCfg = Debug|Any CPU
		{757F774E-AF47-4F54-A2FF-B1DC7479D44B}.Debug|x86.Build.0 = Debug|Any CPU
		{757F774E-AF47-4F54-A2FF-B1DC7479D44B}.Release|Any CPU.ActiveCfg = Release|Any CPU
		{757F774E-AF47-4F54-A2FF-B1DC7479D44B}.Release|Any CPU.Build.0 = Release|Any CPU
		{757F774E-AF47-4F54-A2FF-B1DC7479D44B}.Release|x64.ActiveCfg = Release|Any CPU
		{757F774E-AF47-4F54-A2FF-B1DC7479D44B}.Release|x64.Build.0 = Release|Any CPU
		{757F774E-AF47-4F54-A2FF-B1DC7479D44B}.Release|x86.ActiveCfg = Release|Any CPU
		{757F774E-AF47-4F54-A2FF-B1DC7479D44B}.Release|x86.Build.0 = Release|Any CPU
		{3E9C8E53-C123-41D0-87EA-657823F13E58}.Debug|Any CPU.ActiveCfg = Debug|Any CPU
		{3E9C8E53-C123-41D0-87EA-657823F13E58}.Debug|Any CPU.Build.0 = Debug|Any CPU
		{3E9C8E53-C123-41D0-87EA-657823F13E58}.Debug|x64.ActiveCfg = Debug|Any CPU
		{3E9C8E53-C123-41D0-87EA-657823F13E58}.Debug|x64.Build.0 = Debug|Any CPU
		{3E9C8E53-C123-41D0-87EA-657823F13E58}.Debug|x86.ActiveCfg = Debug|Any CPU
		{3E9C8E53-C123-41D0-87EA-657823F13E58}.Debug|x86.Build.0 = Debug|Any CPU
		{3E9C8E53-C123-41D0-87EA-657823F13E58}.Release|Any CPU.ActiveCfg = Release|Any CPU
		{3E9C8E53-C123-41D0-87EA-657823F13E58}.Release|Any CPU.Build.0 = Release|Any CPU
		{3E9C8E53-C123-41D0-87EA-657823F13E58}.Release|x64.ActiveCfg = Release|Any CPU
		{3E9C8E53-C123-41D0-87EA-657823F13E58}.Release|x64.Build.0 = Release|Any CPU
		{3E9C8E53-C123-41D0-87EA-657823F13E58}.Release|x86.ActiveCfg = Release|Any CPU
		{3E9C8E53-C123-41D0-87EA-657823F13E58}.Release|x86.Build.0 = Release|Any CPU
		{442B8FDA-8CF7-49FB-9899-1D4DB1294680}.Debug|Any CPU.ActiveCfg = Debug|Any CPU
		{442B8FDA-8CF7-49FB-9899-1D4DB1294680}.Debug|Any CPU.Build.0 = Debug|Any CPU
		{442B8FDA-8CF7-49FB-9899-1D4DB1294680}.Debug|x64.ActiveCfg = Debug|Any CPU
		{442B8FDA-8CF7-49FB-9899-1D4DB1294680}.Debug|x64.Build.0 = Debug|Any CPU
		{442B8FDA-8CF7-49FB-9899-1D4DB1294680}.Debug|x86.ActiveCfg = Debug|Any CPU
		{442B8FDA-8CF7-49FB-9899-1D4DB1294680}.Debug|x86.Build.0 = Debug|Any CPU
		{442B8FDA-8CF7-49FB-9899-1D4DB1294680}.Release|Any CPU.ActiveCfg = Release|Any CPU
		{442B8FDA-8CF7-49FB-9899-1D4DB1294680}.Release|Any CPU.Build.0 = Release|Any CPU
		{442B8FDA-8CF7-49FB-9899-1D4DB1294680}.Release|x64.ActiveCfg = Release|Any CPU
		{442B8FDA-8CF7-49FB-9899-1D4DB1294680}.Release|x64.Build.0 = Release|Any CPU
		{442B8FDA-8CF7-49FB-9899-1D4DB1294680}.Release|x86.ActiveCfg = Release|Any CPU
		{442B8FDA-8CF7-49FB-9899-1D4DB1294680}.Release|x86.Build.0 = Release|Any CPU
		{253AA434-7BE5-4D7D-B50C-6D9EA6E608C8}.Debug|Any CPU.ActiveCfg = Debug|Any CPU
		{253AA434-7BE5-4D7D-B50C-6D9EA6E608C8}.Debug|Any CPU.Build.0 = Debug|Any CPU
		{253AA434-7BE5-4D7D-B50C-6D9EA6E608C8}.Debug|x64.ActiveCfg = Debug|Any CPU
		{253AA434-7BE5-4D7D-B50C-6D9EA6E608C8}.Debug|x64.Build.0 = Debug|Any CPU
		{253AA434-7BE5-4D7D-B50C-6D9EA6E608C8}.Debug|x86.ActiveCfg = Debug|Any CPU
		{253AA434-7BE5-4D7D-B50C-6D9EA6E608C8}.Debug|x86.Build.0 = Debug|Any CPU
		{253AA434-7BE5-4D7D-B50C-6D9EA6E608C8}.Release|Any CPU.ActiveCfg = Release|Any CPU
		{253AA434-7BE5-4D7D-B50C-6D9EA6E608C8}.Release|Any CPU.Build.0 = Release|Any CPU
		{253AA434-7BE5-4D7D-B50C-6D9EA6E608C8}.Release|x64.ActiveCfg = Release|Any CPU
		{253AA434-7BE5-4D7D-B50C-6D9EA6E608C8}.Release|x64.Build.0 = Release|Any CPU
		{253AA434-7BE5-4D7D-B50C-6D9EA6E608C8}.Release|x86.ActiveCfg = Release|Any CPU
		{253AA434-7BE5-4D7D-B50C-6D9EA6E608C8}.Release|x86.Build.0 = Release|Any CPU
		{2AEAE7C5-9BE7-4D97-8FB5-F09725A9D82E}.Debug|Any CPU.ActiveCfg = Debug|Any CPU
		{2AEAE7C5-9BE7-4D97-8FB5-F09725A9D82E}.Debug|Any CPU.Build.0 = Debug|Any CPU
		{2AEAE7C5-9BE7-4D97-8FB5-F09725A9D82E}.Debug|x64.ActiveCfg = Debug|Any CPU
		{2AEAE7C5-9BE7-4D97-8FB5-F09725A9D82E}.Debug|x64.Build.0 = Debug|Any CPU
		{2AEAE7C5-9BE7-4D97-8FB5-F09725A9D82E}.Debug|x86.ActiveCfg = Debug|Any CPU
		{2AEAE7C5-9BE7-4D97-8FB5-F09725A9D82E}.Debug|x86.Build.0 = Debug|Any CPU
		{2AEAE7C5-9BE7-4D97-8FB5-F09725A9D82E}.Release|Any CPU.ActiveCfg = Release|Any CPU
		{2AEAE7C5-9BE7-4D97-8FB5-F09725A9D82E}.Release|Any CPU.Build.0 = Release|Any CPU
		{2AEAE7C5-9BE7-4D97-8FB5-F09725A9D82E}.Release|x64.ActiveCfg = Release|Any CPU
		{2AEAE7C5-9BE7-4D97-8FB5-F09725A9D82E}.Release|x64.Build.0 = Release|Any CPU
		{2AEAE7C5-9BE7-4D97-8FB5-F09725A9D82E}.Release|x86.ActiveCfg = Release|Any CPU
		{2AEAE7C5-9BE7-4D97-8FB5-F09725A9D82E}.Release|x86.Build.0 = Release|Any CPU
		{380B6082-BDE0-45CB-B5FA-FC2E51C6110F}.Debug|Any CPU.ActiveCfg = Debug|Any CPU
		{380B6082-BDE0-45CB-B5FA-FC2E51C6110F}.Debug|Any CPU.Build.0 = Debug|Any CPU
		{380B6082-BDE0-45CB-B5FA-FC2E51C6110F}.Debug|x64.ActiveCfg = Debug|Any CPU
		{380B6082-BDE0-45CB-B5FA-FC2E51C6110F}.Debug|x64.Build.0 = Debug|Any CPU
		{380B6082-BDE0-45CB-B5FA-FC2E51C6110F}.Debug|x86.ActiveCfg = Debug|Any CPU
		{380B6082-BDE0-45CB-B5FA-FC2E51C6110F}.Debug|x86.Build.0 = Debug|Any CPU
		{380B6082-BDE0-45CB-B5FA-FC2E51C6110F}.Release|Any CPU.ActiveCfg = Release|Any CPU
		{380B6082-BDE0-45CB-B5FA-FC2E51C6110F}.Release|Any CPU.Build.0 = Release|Any CPU
		{380B6082-BDE0-45CB-B5FA-FC2E51C6110F}.Release|x64.ActiveCfg = Release|Any CPU
		{380B6082-BDE0-45CB-B5FA-FC2E51C6110F}.Release|x64.Build.0 = Release|Any CPU
		{380B6082-BDE0-45CB-B5FA-FC2E51C6110F}.Release|x86.ActiveCfg = Release|Any CPU
		{380B6082-BDE0-45CB-B5FA-FC2E51C6110F}.Release|x86.Build.0 = Release|Any CPU
	EndGlobalSection
	GlobalSection(SolutionProperties) = preSolution
		HideSolutionNode = FALSE
	EndGlobalSection
	GlobalSection(NestedProjects) = preSolution
		{77FBD486-549F-458C-9961-5DEFCFDBBBA2} = {827E0CD3-B72D-47B6-A68D-7590B98EB39B}
		{E8ED33DD-155E-4FAC-8E11-4407479AE325} = {827E0CD3-B72D-47B6-A68D-7590B98EB39B}
		{757F774E-AF47-4F54-A2FF-B1DC7479D44B} = {827E0CD3-B72D-47B6-A68D-7590B98EB39B}
		{3E9C8E53-C123-41D0-87EA-657823F13E58} = {827E0CD3-B72D-47B6-A68D-7590B98EB39B}
		{E0ADF6B8-17EE-7AF4-083E-0C0E5979ED75} = {CE609670-85B9-0D16-FB54-ED063D5D8A6D}
		{442B8FDA-8CF7-49FB-9899-1D4DB1294680} = {E0ADF6B8-17EE-7AF4-083E-0C0E5979ED75}
		{2C4AE861-15E1-1323-AE82-FFF472DF3430} = {CE609670-85B9-0D16-FB54-ED063D5D8A6D}
		{253AA434-7BE5-4D7D-B50C-6D9EA6E608C8} = {2C4AE861-15E1-1323-AE82-FFF472DF3430}
		{2AEAE7C5-9BE7-4D97-8FB5-F09725A9D82E} = {0AB3BF05-4346-4AA6-1389-037BE0695223}
		{380B6082-BDE0-45CB-B5FA-FC2E51C6110F} = {0AB3BF05-4346-4AA6-1389-037BE0695223}
	EndGlobalSection
EndGlobal
